{
  "nodes": {
    "flake-utils": {
      "locked": {
        "lastModified": 1638122382,
        "narHash": "sha256-sQzZzAbvKEqN9s0bzWuYmRaA03v40gaJ4+iL1LXjaeI=",
        "owner": "numtide",
        "repo": "flake-utils",
        "rev": "74f7e4319258e287b0f9cb95426c9853b282730b",
        "type": "github"
      },
      "original": {
        "owner": "numtide",
        "repo": "flake-utils",
        "type": "github"
      }
    },
    "nixos-cn": {
      "inputs": {
        "flake-utils": "flake-utils",
        "nixpkgs": [
          "nixpkgs"
        ]
      },
      "locked": {
        "lastModified": 1669341731,
        "narHash": "sha256-Uj3bwyG5GJfZEkU7T/+Q64OdD/oN2jTAMiY1Ef5iPzY=",
        "owner": "nixos-cn",
        "repo": "flakes",
        "rev": "68b1747c41f82731cace57f61542f32636a944f2",
        "type": "github"
      },
      "original": {
        "owner": "nixos-cn",
        "repo": "flakes",
        "type": "github"
      }
    },
    "nixpkgs": {
      "locked": {
        "lastModified": 1669320964,
        "narHash": "sha256-EBFw+ge12Pcr3qCk8If3/eMBAoQLR7ytndXZoRevUtM=",
        "owner": "NixOS",
        "repo": "nixpkgs",
        "rev": "27ccd29078f974ddbdd7edc8e38c8c8ae003c877",
        "type": "github"
      },
      "original": {
        "owner": "NixOS",
        "ref": "nixos-unstable",
        "repo": "nixpkgs",
        "type": "github"
      }
    },
    "nur": {
      "locked": {
        "lastModified": 1669403804,
        "narHash": "sha256-TFDE31NwrffJPhf40gL1FjmSgH9Ow9bFXFVNff7zKj0=",
        "owner": "nix-community",
        "repo": "NUR",
        "rev": "f29556a1359ef9f7ed50e1d0cf83517d1ce9c43f",
        "type": "github"
      },
      "original": {
        "owner": "nix-community",
        "repo": "NUR",
        "type": "github"
      }
    },
    "root": {
      "inputs": {
        "nixos-cn": "nixos-cn",
        "nixpkgs": "nixpkgs",
        "nur": "nur"
      }
    }
  },
  "root": "root",
  "version": 7
}
